
Microsoft Visual Studio Solution File, Format Version 12.00
# Visual Studio 15
VisualStudioVersion = 15.0.28307.421
MinimumVisualStudioVersion = 10.0.40219.1
Project("{FAE04EC0-301F-11D3-BF4B-00C04F79EFBC}") = "TelephoneDiary", "TelephoneDiary.csproj", "{2273D00F-39D7-472F-9391-B83B4AF3247A}"
EndProject
Global
	GlobalSection(SolutionConfigurationPlatforms) = preSolution
		Debug|Any CPU = Debug|Any CPU
		Release|Any CPU = Release|Any CPU
	EndGlobalSection
	GlobalSection(ProjectConfigurationPlatforms) = postSolution
		{2273D00F-39D7-472F-9391-B83B4AF3247A}.Debug|Any CPU.ActiveCfg = Debug|Any CPU
		{2273D00F-39D7-472F-9391-B83B4AF3247A}.Debug|Any CPU.Build.0 = Debug|Any CPU
		{2273D00F-39D7-472F-9391-B83B4AF3247A}.Release|Any CPU.ActiveCfg = Release|Any CPU
		{2273D00F-39D7-472F-9391-B83B4AF3247A}.Release|Any CPU.Build.0 = Release|Any CPU
	EndGlobalSection
	GlobalSection(SolutionProperties) = preSolution
		HideSolutionNode = FALSE
	EndGlobalSection
	GlobalSection(ExtensibilityGlobals) = postSolution
		SolutionGuid = {940F2048-8632-4C8E-9D61-5622369AC7DB}
	EndGlobalSection
EndGlobal
